
Microsoft Visual Studio Solution File, Format Version 12.00
# Visual Studio Version 16
VisualStudioVersion = 16.0.32929.386
MinimumVisualStudioVersion = 10.0.40219.1
Project("{FAE04EC0-301F-11D3-BF4B-00C04F79EFBC}") = "EMS", "EMS\EMS.csproj", "{55EACEB2-408C-454E-B157-6391F472FF35}"
EndProject
Global
	GlobalSection(SolutionConfigurationPlatforms) = preSolution
		Debug|Any CPU = Debug|Any CPU
		Release|Any CPU = Release|Any CPU
	EndGlobalSection
	GlobalSection(ProjectConfigurationPlatforms) = postSolution
		{55EACEB2-408C-454E-B157-6391F472FF35}.Debug|Any CPU.ActiveCfg = Debug|Any CPU
		{55EACEB2-408C-454E-B157-6391F472FF35}.Debug|Any CPU.Build.0 = Debug|Any CPU
		{55EACEB2-408C-454E-B157-6391F472FF35}.Release|Any CPU.ActiveCfg = Release|Any CPU
		{55EACEB2-408C-454E-B157-6391F472FF35}.Release|Any CPU.Build.0 = Release|Any CPU
	EndGlobalSection
	GlobalSection(SolutionProperties) = preSolution
		HideSolutionNode = FALSE
	EndGlobalSection
	GlobalSection(ExtensibilityGlobals) = postSolution
		SolutionGuid = {76E1C83B-AD60-4DA4-A711-893267D1BFB6}
	EndGlobalSection
EndGlobal
